
Microsoft Visual Studio Solution File, Format Version 12.00
# Visual Studio 2012
Project("{FAE04EC0-301F-11D3-BF4B-00C04F79EFBC}") = "ProvinceSpy", "ProvinceSpy\ProvinceSpy.csproj", "{D75BA7F3-1E4D-475E-B25F-567A7FB56DDF}"
EndProject
Project("{FAE04EC0-301F-11D3-BF4B-00C04F79EFBC}") = "ProvinceSpy.Tests", "ProvinceSpy.Tests\ProvinceSpy.Tests.csproj", "{1E1C45A2-8B4A-47E2-A674-EC086CAC8E0D}"
EndProject
Project("{FAE04EC0-301F-11D3-BF4B-00C04F79EFBC}") = "ProvinceSpy.WpfGui", "ProvinceSpy.WpfGui\ProvinceSpy.WpfGui.csproj", "{5FF32B26-28FB-48B0-A5C0-2EB22AAFB041}"
EndProject
Project("{2150E333-8FDC-42A3-9474-1A3956D46DE8}") = ".nuget", ".nuget", "{167AEB83-FF63-41C7-84CD-449C212CCE2D}"
EndProject
Project("{2150E333-8FDC-42A3-9474-1A3956D46DE8}") = "Tests", "Tests", "{84DC686D-4B6D-47A2-B719-FF116D7165D8}"
EndProject
Global
	GlobalSection(SolutionConfigurationPlatforms) = preSolution
		Debug|Any CPU = Debug|Any CPU
		Release|Any CPU = Release|Any CPU
	EndGlobalSection
	GlobalSection(ProjectConfigurationPlatforms) = postSolution
		{D75BA7F3-1E4D-475E-B25F-567A7FB56DDF}.Debug|Any CPU.ActiveCfg = Debug|Any CPU
		{D75BA7F3-1E4D-475E-B25F-567A7FB56DDF}.Debug|Any CPU.Build.0 = Debug|Any CPU
		{D75BA7F3-1E4D-475E-B25F-567A7FB56DDF}.Release|Any CPU.ActiveCfg = Release|Any CPU
		{D75BA7F3-1E4D-475E-B25F-567A7FB56DDF}.Release|Any CPU.Build.0 = Release|Any CPU
		{1E1C45A2-8B4A-47E2-A674-EC086CAC8E0D}.Debug|Any CPU.ActiveCfg = Debug|Any CPU
		{1E1C45A2-8B4A-47E2-A674-EC086CAC8E0D}.Debug|Any CPU.Build.0 = Debug|Any CPU
		{1E1C45A2-8B4A-47E2-A674-EC086CAC8E0D}.Release|Any CPU.ActiveCfg = Release|Any CPU
		{1E1C45A2-8B4A-47E2-A674-EC086CAC8E0D}.Release|Any CPU.Build.0 = Release|Any CPU
		{5FF32B26-28FB-48B0-A5C0-2EB22AAFB041}.Debug|Any CPU.ActiveCfg = Debug|Any CPU
		{5FF32B26-28FB-48B0-A5C0-2EB22AAFB041}.Debug|Any CPU.Build.0 = Debug|Any CPU
		{5FF32B26-28FB-48B0-A5C0-2EB22AAFB041}.Release|Any CPU.ActiveCfg = Release|Any CPU
		{5FF32B26-28FB-48B0-A5C0-2EB22AAFB041}.Release|Any CPU.Build.0 = Release|Any CPU
	EndGlobalSection
	GlobalSection(SolutionProperties) = preSolution
		HideSolutionNode = FALSE
	EndGlobalSection
	GlobalSection(NestedProjects) = preSolution
		{1E1C45A2-8B4A-47E2-A674-EC086CAC8E0D} = {84DC686D-4B6D-47A2-B719-FF116D7165D8}
	EndGlobalSection
EndGlobal
